
Microsoft Visual Studio Solution File, Format Version 12.00
# Visual Studio Version 16
VisualStudioVersion = 16.0.31005.135
MinimumVisualStudioVersion = 10.0.40219.1
Project("{FAE04EC0-301F-11D3-BF4B-00C04F79EFBC}") = "GClient", "GClient\GClient.csproj", "{2A046D91-43DB-467D-AEEE-CB12BB76A2CA}"
EndProject
Global
	GlobalSection(SolutionConfigurationPlatforms) = preSolution
		Debug|Any CPU = Debug|Any CPU
		Release|Any CPU = Release|Any CPU
	EndGlobalSection
	GlobalSection(ProjectConfigurationPlatforms) = postSolution
		{2A046D91-43DB-467D-AEEE-CB12BB76A2CA}.Debug|Any CPU.ActiveCfg = Debug|Any CPU
		{2A046D91-43DB-467D-AEEE-CB12BB76A2CA}.Debug|Any CPU.Build.0 = Debug|Any CPU
		{2A046D91-43DB-467D-AEEE-CB12BB76A2CA}.Release|Any CPU.ActiveCfg = Release|Any CPU
		{2A046D91-43DB-467D-AEEE-CB12BB76A2CA}.Release|Any CPU.Build.0 = Release|Any CPU
	EndGlobalSection
	GlobalSection(SolutionProperties) = preSolution
		HideSolutionNode = FALSE
	EndGlobalSection
	GlobalSection(ExtensibilityGlobals) = postSolution
		SolutionGuid = {F865FF0F-7D6D-4CAF-A631-6132CAEBB973}
	EndGlobalSection
EndGlobal
